
Microsoft Visual Studio Solution File, Format Version 12.00
# Visual Studio 2015
Project("{FAE04EC0-301F-11D3-BF4B-00C04F79EFBC}") = "2D Platformer Controller.CSharp", "2D Platformer Controller.CSharp.csproj", "{DB5AC44D-AE2E-1CD3-A7F2-B27E7F0108F1}"
EndProject
Global
	GlobalSection(SolutionConfigurationPlatforms) = preSolution
		Debug|Any CPU = Debug|Any CPU
		Release|Any CPU = Release|Any CPU
	EndGlobalSection
	GlobalSection(ProjectConfigurationPlatforms) = postSolution
		{DB5AC44D-AE2E-1CD3-A7F2-B27E7F0108F1}.Debug|Any CPU.ActiveCfg = Debug|Any CPU
		{DB5AC44D-AE2E-1CD3-A7F2-B27E7F0108F1}.Debug|Any CPU.Build.0 = Debug|Any CPU
		{DB5AC44D-AE2E-1CD3-A7F2-B27E7F0108F1}.Release|Any CPU.ActiveCfg = Release|Any CPU
		{DB5AC44D-AE2E-1CD3-A7F2-B27E7F0108F1}.Release|Any CPU.Build.0 = Release|Any CPU
	EndGlobalSection
	GlobalSection(SolutionProperties) = preSolution
		HideSolutionNode = FALSE
	EndGlobalSection
EndGlobal
